
Microsoft Visual Studio Solution File, Format Version 12.00
# Visual Studio Version 17
VisualStudioVersion = 17.13.35931.197 d17.13
MinimumVisualStudioVersion = 10.0.40219.1
Project("{FAE04EC0-301F-11D3-BF4B-00C04F79EFBC}") = "lab7", "lab7\lab7.csproj", "{6659D12C-A632-400E-9873-DC79BA51F92D}"
EndProject
Global
	GlobalSection(SolutionConfigurationPlatforms) = preSolution
		Debug|Any CPU = Debug|Any CPU
		Release|Any CPU = Release|Any CPU
	EndGlobalSection
	GlobalSection(ProjectConfigurationPlatforms) = postSolution
		{6659D12C-A632-400E-9873-DC79BA51F92D}.Debug|Any CPU.ActiveCfg = Debug|Any CPU
		{6659D12C-A632-400E-9873-DC79BA51F92D}.Debug|Any CPU.Build.0 = Debug|Any CPU
		{6659D12C-A632-400E-9873-DC79BA51F92D}.Release|Any CPU.ActiveCfg = Release|Any CPU
		{6659D12C-A632-400E-9873-DC79BA51F92D}.Release|Any CPU.Build.0 = Release|Any CPU
	EndGlobalSection
	GlobalSection(SolutionProperties) = preSolution
		HideSolutionNode = FALSE
	EndGlobalSection
	GlobalSection(ExtensibilityGlobals) = postSolution
		SolutionGuid = {32551F7A-667F-4EA3-9576-005E5B1FBEBB}
	EndGlobalSection
EndGlobal
